
Microsoft Visual Studio Solution File, Format Version 12.00
# Visual Studio Version 17
VisualStudioVersion = 17.9.34728.123
MinimumVisualStudioVersion = 10.0.40219.1
Project("{9A19103F-16F7-4668-BE54-9A1E7A4F7556}") = "C# OO", "C# OO\C# OO.csproj", "{CCCC5A7D-B9E4-4C6B-8425-157D4BD5AAC4}"
EndProject
Project("{2150E333-8FDC-42A3-9474-1A3956D46DE8}") = "OO", "OO", "{CFA19490-B54B-4767-B246-EEDE70D0A69F}"
EndProject
Project("{2150E333-8FDC-42A3-9474-1A3956D46DE8}") = "01_namespace", "01_namespace", "{F9269F90-D8D2-48E5-BE17-7DB6CB41BF18}"
EndProject
Project("{9A19103F-16F7-4668-BE54-9A1E7A4F7556}") = "01_namespace", "01_namespace\01_namespace.csproj", "{7A063D5D-4783-4EA8-A75E-01084F28A653}"
EndProject
Project("{2150E333-8FDC-42A3-9474-1A3956D46DE8}") = "02_Encapsulation", "02_Encapsulation", "{F346E0A5-B291-4191-BB4F-06630D361899}"
EndProject
Project("{9A19103F-16F7-4668-BE54-9A1E7A4F7556}") = "02_Encapsulation", "02_Encapsulation\02_Encapsulation.csproj", "{F55809F2-316D-4640-8D93-35CB3B6E1A2B}"
EndProject
Project("{2150E333-8FDC-42A3-9474-1A3956D46DE8}") = "03_Classe", "03_Classe", "{60B3BB1E-AD3F-402A-96D4-DD3382618397}"
EndProject
Project("{9A19103F-16F7-4668-BE54-9A1E7A4F7556}") = "03_Classe", "03_Classe\03_Classe.csproj", "{41BED3F1-D7CE-4AA1-8ADA-0E61B899F843}"
EndProject
Project("{2150E333-8FDC-42A3-9474-1A3956D46DE8}") = "04_Propriete", "04_Propriete", "{0B7A6F65-85FF-4CC8-8811-9535C9A950C6}"
EndProject
Project("{9A19103F-16F7-4668-BE54-9A1E7A4F7556}") = "04_Propriete", "04_Propriété\04_Propriete.csproj", "{8B292B1B-A56E-44B1-AC19-A3D80D7763CE}"
EndProject
Project("{2150E333-8FDC-42A3-9474-1A3956D46DE8}") = "Exo_Banque_04_Proprietes", "Exo_Banque_04_Proprietes", "{705D6B5D-EAFD-47B7-9CF6-788E2C6755CD}"
EndProject
Project("{9A19103F-16F7-4668-BE54-9A1E7A4F7556}") = "Exo_Banque_04_Proprietes", "Exo_Banque_04_Proprietes\Exo_Banque_04_Proprietes.csproj", "{33EE421B-B97D-4A35-B278-9ADB71D35D99}"
EndProject
Project("{2150E333-8FDC-42A3-9474-1A3956D46DE8}") = "05_Indexeurs", "05_Indexeurs", "{3D19E38C-B8EC-4464-97C4-8A30786E33FF}"
EndProject
Project("{9A19103F-16F7-4668-BE54-9A1E7A4F7556}") = "05_Indexeurs", "05_Indexeurs\05_Indexeurs.csproj", "{B849E68E-66E8-4656-9C8A-6667286CA194}"
EndProject
Project("{FAE04EC0-301F-11D3-BF4B-00C04F79EFBC}") = "Exo_Banque_05_Indexeurs", "Exo_Banque_05_Indexeurs\Exo_Banque_05_Indexeurs.csproj", "{77F4C8C9-1D42-4770-8CD9-18626734DC1F}"
EndProject
Project("{FAE04EC0-301F-11D3-BF4B-00C04F79EFBC}") = "06_SurchargeOperateurs", "06_SurchargeOperateurs\06_SurchargeOperateurs.csproj", "{15EA254F-8F74-4184-969B-A97D2F5AE4B1}"
EndProject
Global
	GlobalSection(SolutionConfigurationPlatforms) = preSolution
		Debug|Any CPU = Debug|Any CPU
		Release|Any CPU = Release|Any CPU
	EndGlobalSection
	GlobalSection(ProjectConfigurationPlatforms) = postSolution
		{CCCC5A7D-B9E4-4C6B-8425-157D4BD5AAC4}.Debug|Any CPU.ActiveCfg = Debug|Any CPU
		{CCCC5A7D-B9E4-4C6B-8425-157D4BD5AAC4}.Debug|Any CPU.Build.0 = Debug|Any CPU
		{CCCC5A7D-B9E4-4C6B-8425-157D4BD5AAC4}.Release|Any CPU.ActiveCfg = Release|Any CPU
		{CCCC5A7D-B9E4-4C6B-8425-157D4BD5AAC4}.Release|Any CPU.Build.0 = Release|Any CPU
		{7A063D5D-4783-4EA8-A75E-01084F28A653}.Debug|Any CPU.ActiveCfg = Debug|Any CPU
		{7A063D5D-4783-4EA8-A75E-01084F28A653}.Debug|Any CPU.Build.0 = Debug|Any CPU
		{7A063D5D-4783-4EA8-A75E-01084F28A653}.Release|Any CPU.ActiveCfg = Release|Any CPU
		{7A063D5D-4783-4EA8-A75E-01084F28A653}.Release|Any CPU.Build.0 = Release|Any CPU
		{F55809F2-316D-4640-8D93-35CB3B6E1A2B}.Debug|Any CPU.ActiveCfg = Debug|Any CPU
		{F55809F2-316D-4640-8D93-35CB3B6E1A2B}.Debug|Any CPU.Build.0 = Debug|Any CPU
		{F55809F2-316D-4640-8D93-35CB3B6E1A2B}.Release|Any CPU.ActiveCfg = Release|Any CPU
		{F55809F2-316D-4640-8D93-35CB3B6E1A2B}.Release|Any CPU.Build.0 = Release|Any CPU
		{41BED3F1-D7CE-4AA1-8ADA-0E61B899F843}.Debug|Any CPU.ActiveCfg = Debug|Any CPU
		{41BED3F1-D7CE-4AA1-8ADA-0E61B899F843}.Debug|Any CPU.Build.0 = Debug|Any CPU
		{41BED3F1-D7CE-4AA1-8ADA-0E61B899F843}.Release|Any CPU.ActiveCfg = Release|Any CPU
		{41BED3F1-D7CE-4AA1-8ADA-0E61B899F843}.Release|Any CPU.Build.0 = Release|Any CPU
		{8B292B1B-A56E-44B1-AC19-A3D80D7763CE}.Debug|Any CPU.ActiveCfg = Debug|Any CPU
		{8B292B1B-A56E-44B1-AC19-A3D80D7763CE}.Debug|Any CPU.Build.0 = Debug|Any CPU
		{8B292B1B-A56E-44B1-AC19-A3D80D7763CE}.Release|Any CPU.ActiveCfg = Release|Any CPU
		{8B292B1B-A56E-44B1-AC19-A3D80D7763CE}.Release|Any CPU.Build.0 = Release|Any CPU
		{33EE421B-B97D-4A35-B278-9ADB71D35D99}.Debug|Any CPU.ActiveCfg = Debug|Any CPU
		{33EE421B-B97D-4A35-B278-9ADB71D35D99}.Debug|Any CPU.Build.0 = Debug|Any CPU
		{33EE421B-B97D-4A35-B278-9ADB71D35D99}.Release|Any CPU.ActiveCfg = Release|Any CPU
		{33EE421B-B97D-4A35-B278-9ADB71D35D99}.Release|Any CPU.Build.0 = Release|Any CPU
		{B849E68E-66E8-4656-9C8A-6667286CA194}.Debug|Any CPU.ActiveCfg = Debug|Any CPU
		{B849E68E-66E8-4656-9C8A-6667286CA194}.Debug|Any CPU.Build.0 = Debug|Any CPU
		{B849E68E-66E8-4656-9C8A-6667286CA194}.Release|Any CPU.ActiveCfg = Release|Any CPU
		{B849E68E-66E8-4656-9C8A-6667286CA194}.Release|Any CPU.Build.0 = Release|Any CPU
		{77F4C8C9-1D42-4770-8CD9-18626734DC1F}.Debug|Any CPU.ActiveCfg = Debug|Any CPU
		{77F4C8C9-1D42-4770-8CD9-18626734DC1F}.Debug|Any CPU.Build.0 = Debug|Any CPU
		{77F4C8C9-1D42-4770-8CD9-18626734DC1F}.Release|Any CPU.ActiveCfg = Release|Any CPU
		{77F4C8C9-1D42-4770-8CD9-18626734DC1F}.Release|Any CPU.Build.0 = Release|Any CPU
		{15EA254F-8F74-4184-969B-A97D2F5AE4B1}.Debug|Any CPU.ActiveCfg = Debug|Any CPU
		{15EA254F-8F74-4184-969B-A97D2F5AE4B1}.Debug|Any CPU.Build.0 = Debug|Any CPU
		{15EA254F-8F74-4184-969B-A97D2F5AE4B1}.Release|Any CPU.ActiveCfg = Release|Any CPU
		{15EA254F-8F74-4184-969B-A97D2F5AE4B1}.Release|Any CPU.Build.0 = Release|Any CPU
	EndGlobalSection
	GlobalSection(SolutionProperties) = preSolution
		HideSolutionNode = FALSE
	EndGlobalSection
	GlobalSection(NestedProjects) = preSolution
		{CCCC5A7D-B9E4-4C6B-8425-157D4BD5AAC4} = {CFA19490-B54B-4767-B246-EEDE70D0A69F}
		{7A063D5D-4783-4EA8-A75E-01084F28A653} = {F9269F90-D8D2-48E5-BE17-7DB6CB41BF18}
		{F55809F2-316D-4640-8D93-35CB3B6E1A2B} = {F346E0A5-B291-4191-BB4F-06630D361899}
		{41BED3F1-D7CE-4AA1-8ADA-0E61B899F843} = {60B3BB1E-AD3F-402A-96D4-DD3382618397}
		{8B292B1B-A56E-44B1-AC19-A3D80D7763CE} = {0B7A6F65-85FF-4CC8-8811-9535C9A950C6}
		{33EE421B-B97D-4A35-B278-9ADB71D35D99} = {705D6B5D-EAFD-47B7-9CF6-788E2C6755CD}
		{B849E68E-66E8-4656-9C8A-6667286CA194} = {3D19E38C-B8EC-4464-97C4-8A30786E33FF}
	EndGlobalSection
	GlobalSection(ExtensibilityGlobals) = postSolution
		SolutionGuid = {BAEE1058-4900-40A0-AB6F-9506E1960357}
	EndGlobalSection
EndGlobal
